{
  "nodes": {
    "flake-utils": {
      "inputs": {
        "systems": "systems"
      },
      "locked": {
        "lastModified": 1731533236,
        "narHash": "sha256-l0KFg5HjrsfsO/JpG+r7fRrqm12kzFHyUHqHCVpMMbI=",
        "owner": "numtide",
        "repo": "flake-utils",
        "rev": "11707dc2f618dd54ca8739b309ec4fc024de578b",
        "type": "github"
      },
      "original": {
        "owner": "numtide",
        "repo": "flake-utils",
        "type": "github"
      }
    },
    "nixpkgs": {
      "locked": {
        "lastModified": 1736573312,
        "narHash": "sha256-hYtB4qxUjdvYTfh0tuzDYvVZH3+5MfNuinzj4IL6NEs=",
        "owner": "nixos",
        "repo": "nixpkgs",
        "rev": "89567c0d2b46ca0ffa8a7ac0224b9efb00ae5241",
        "type": "github"
      },
      "original": {
        "owner": "nixos",
        "ref": "release-24.11",
        "repo": "nixpkgs",
        "type": "github"
      }
    },
    "root": {
      "inputs": {
        "flake-utils": "flake-utils",
        "nixpkgs": "nixpkgs",
        "rpypkgs": "rpypkgs"
      }
    },
    "rpypkgs": {
      "inputs": {
        "flake-utils": [
          "flake-utils"
        ],
        "nixpkgs": [
          "nixpkgs"
        ]
      },
      "locked": {
        "lastModified": 1736575287,
        "narHash": "sha256-r9+8kzm6vfRwKvDLkgNIoozGTWRRJ0oyneswqW1iVYQ=",
        "owner": "rpypkgs",
        "repo": "rpypkgs",
        "rev": "adcd3533ce2022cef5892bc2dab3ebc31a0b496f",
        "type": "github"
      },
      "original": {
        "owner": "rpypkgs",
        "repo": "rpypkgs",
        "type": "github"
      }
    },
    "systems": {
      "locked": {
        "lastModified": 1681028828,
        "narHash": "sha256-Vy1rq5AaRuLzOxct8nz4T6wlgyUR7zLU309k9mBC768=",
        "owner": "nix-systems",
        "repo": "default",
        "rev": "da67096a3b9bf56a91d16901293e51ba5b49a27e",
        "type": "github"
      },
      "original": {
        "owner": "nix-systems",
        "repo": "default",
        "type": "github"
      }
    }
  },
  "root": "root",
  "version": 7
}
